version = 1
revision = 3
requires-python = ">=3.10"

[[package]]
name = "nbt"
version = "1.5.1"
source = { registry = "https://pypi.org/simple" }
sdist = { url = "https://files.pythonhosted.org/packages/7a/89/b45d1a3608d0335f0cb6f715dc0363a976981c6b94625de9f4d95417e1b4/NBT-1.5.1.tar.gz", hash = "sha256:da3bb2137605cb9dfe7446f13f19b3ae7faf920d430a387fb78efde27f6636c5", size = 122703, upload-time = "2021-12-22T15:48:31.703Z" }
wheels = [
    { url = "https://files.pythonhosted.org/packages/b9/ae/f3bdbbaccaca97a2bfdd87466a08717a2174f136e3b99a189d32d03d6526/NBT-1.5.1-py2.py3-none-any.whl", hash = "sha256:1503314d0374b983642f9f219890330ce19d9d85966a28bdb6bef1fb17c4c2c0", size = 25601, upload-time = "2021-12-22T15:46:34.546Z" },
]

[[package]]
name = "norisim"
version = "0.1.0"
source = { virtual = "." }
dependencies = [
    { name = "schemgenerator" },
]

[package.metadata]
requires-dist = [{ name = "schemgenerator", specifier = ">=1.0.6" }]

[[package]]
name = "schemgenerator"
version = "1.0.6"
source = { registry = "https://pypi.org/simple" }
dependencies = [
    { name = "nbt" },
]
wheels = [
    { url = "https://files.pythonhosted.org/packages/69/44/9a0990a57e9b90ded371fab02e90ba4cc785e72ee16d9fa72002b8272ec9/schemgenerator-1.0.6-py3-none-any.whl", hash = "sha256:f9bb39cdd92ef1d7aa761be38ba6f0291cc114047f604a86ddcfd7f1dfdefbfa", size = 8746, upload-time = "2025-09-03T13:24:51.22Z" },
]
